{
  "name": "app",
  "version": "0.1.0",
  "lockfileVersion": 1,
  "requires": true,
  "dependencies": {
    "classnames": {
      "version": "2.2.6",
      "resolved": "https://registry.npmjs.org/classnames/-/classnames-2.2.6.tgz",
      "integrity": "sha512-JR/iSQOSt+LQIWwrwEzJ9uk0xfN3mTVYMwt1Ir5mUcSN6pU+V4zQFFaJsclJbPuAUQH+yfWef6tm7l1quW3C8Q=="
    },
    "filepond": {
      "version": "1.4.1",
      "resolved": "https://registry.npmjs.org/filepond/-/filepond-1.4.1.tgz",
      "integrity": "sha512-a5/RK2x2dv9MeMXXXIbmr8fBaRuQ84GL5NzzuYlOMRuvXyBdIjvv96Sn2mYg2YZjLlToZXJ4dzZBCXauHEPlWA=="
    },
    "react-filepond": {
      "version": "2.0.6",
      "resolved": "https://registry.npmjs.org/react-filepond/-/react-filepond-2.0.6.tgz",
      "integrity": "sha512-LP1QRXW4gsech7LG2YkEsDuBiUI9tAUCQa26zf2W4HHxkH7N7xamjlzQgTBls8oRETV7VDFQwPfprl1FGK+eYg==",
      "requires": {
        "filepond": "1.4.1"
      }
    },
    "react-toggle": {
      "version": "4.0.2",
      "resolved": "https://registry.npmjs.org/react-toggle/-/react-toggle-4.0.2.tgz",
      "integrity": "sha512-EPTWnN7gQHgEAUEmjheanZXNzY5TPnQeyyHfEs3YshaiWZf5WNjfYDrglO5F1Hl/dNveX18i4l0grTEsYH2Ccw==",
      "requires": {
        "classnames": "2.2.6"
      }
    }
  }
}
