{
  "name": "app",
  "version": "0.1.0",
  "lockfileVersion": 1,
  "requires": true,
  "dependencies": {
    "filepond": {
      "version": "1.4.1",
      "resolved": "https://registry.npmjs.org/filepond/-/filepond-1.4.1.tgz",
      "integrity": "sha512-a5/RK2x2dv9MeMXXXIbmr8fBaRuQ84GL5NzzuYlOMRuvXyBdIjvv96Sn2mYg2YZjLlToZXJ4dzZBCXauHEPlWA=="
    },
    "react-filepond": {
      "version": "2.0.6",
      "resolved": "https://registry.npmjs.org/react-filepond/-/react-filepond-2.0.6.tgz",
      "integrity": "sha512-LP1QRXW4gsech7LG2YkEsDuBiUI9tAUCQa26zf2W4HHxkH7N7xamjlzQgTBls8oRETV7VDFQwPfprl1FGK+eYg==",
      "requires": {
        "filepond": "1.4.1"
      }
    }
  }
}
